
Microsoft Visual Studio Solution File, Format Version 12.00
# Visual Studio Version 16
VisualStudioVersion = 16.0.30413.136
MinimumVisualStudioVersion = 10.0.40219.1
Project("{888888A0-9F3D-457C-B088-3A5042F75D52}") = "8puzzle", "8puzzle\8puzzle.pyproj", "{57DCBAD7-5186-447F-B34E-9E6BA53FF442}"
EndProject
Global
	GlobalSection(SolutionConfigurationPlatforms) = preSolution
		Debug|Any CPU = Debug|Any CPU
		Release|Any CPU = Release|Any CPU
	EndGlobalSection
	GlobalSection(ProjectConfigurationPlatforms) = postSolution
		{57DCBAD7-5186-447F-B34E-9E6BA53FF442}.Debug|Any CPU.ActiveCfg = Debug|Any CPU
		{57DCBAD7-5186-447F-B34E-9E6BA53FF442}.Release|Any CPU.ActiveCfg = Release|Any CPU
	EndGlobalSection
	GlobalSection(SolutionProperties) = preSolution
		HideSolutionNode = FALSE
	EndGlobalSection
	GlobalSection(ExtensibilityGlobals) = postSolution
		SolutionGuid = {3807AF4E-8E57-4F13-B22F-D44F7AE25C88}
	EndGlobalSection
EndGlobal
